// !$*UTF8*$!
{
	archiveVersion = 1;
	classes = {
	};
	objectVersion = 56;
	objects = {

/* Begin PBXBuildFile section */
		CA08AAB52C3E918600FEF612 /* Movie.swift in Sources */ = {isa = PBXBuildFile; fileRef = CA08AAB42C3E918600FEF612 /* Movie.swift */; };
		CA08AAB72C3E9BBF00FEF612 /* MovieAPI.swift in Sources */ = {isa = PBXBuildFile; fileRef = CA08AAB62C3E9BBF00FEF612 /* MovieAPI.swift */; };
		CA9A5F5B2C3D34C500DD6E91 /* MovieListApp.swift in Sources */ = {isa = PBXBuildFile; fileRef = CA9A5F5A2C3D34C500DD6E91 /* MovieListApp.swift */; };
		CA9A5F5D2C3D34C500DD6E91 /* ContentView.swift in Sources */ = {isa = PBXBuildFile; fileRef = CA9A5F5C2C3D34C500DD6E91 /* ContentView.swift */; };
		CA9A5F5F2C3D34C700DD6E91 /* Assets.xcassets in Resources */ = {isa = PBXBuildFile; fileRef = CA9A5F5E2C3D34C700DD6E91 /* Assets.xcassets */; };
		CA9A5F622C3D34C700DD6E91 /* Preview Assets.xcassets in Resources */ = {isa = PBXBuildFile; fileRef = CA9A5F612C3D34C700DD6E91 /* Preview Assets.xcassets */; };
		CA9A5F6C2C3D34C700DD6E91 /* MovieListTests.swift in Sources */ = {isa = PBXBuildFile; fileRef = CA9A5F6B2C3D34C700DD6E91 /* MovieListTests.swift */; };
		CA9A5F762C3D34C700DD6E91 /* MovieListUITests.swift in Sources */ = {isa = PBXBuildFile; fileRef = CA9A5F752C3D34C700DD6E91 /* MovieListUITests.swift */; };
		CA9A5F782C3D34C700DD6E91 /* MovieListUITestsLaunchTests.swift in Sources */ = {isa = PBXBuildFile; fileRef = CA9A5F772C3D34C700DD6E91 /* MovieListUITestsLaunchTests.swift */; };
/* End PBXBuildFile section */

/* Begin PBXContainerItemProxy section */
		CA9A5F682C3D34C700DD6E91 /* PBXContainerItemProxy */ = {
			isa = PBXContainerItemProxy;
			containerPortal = CA9A5F4F2C3D34C500DD6E91 /* Project object */;
			proxyType = 1;
			remoteGlobalIDString = CA9A5F562C3D34C500DD6E91;
			remoteInfo = MovieList;
		};
		CA9A5F722C3D34C700DD6E91 /* PBXContainerItemProxy */ = {
			isa = PBXContainerItemProxy;
			containerPortal = CA9A5F4F2C3D34C500DD6E91 /* Project object */;
			proxyType = 1;
			remoteGlobalIDString = CA9A5F562C3D34C500DD6E91;
			remoteInfo = MovieList;
		};
/* End PBXContainerItemProxy section */

/* Begin PBXFileReference section */
		CA08AAB42C3E918600FEF612 /* Movie.swift */ = {isa = PBXFileReference; lastKnownFileType = sourcecode.swift; path = Movie.swift; sourceTree = "<group>"; };
		CA08AAB62C3E9BBF00FEF612 /* MovieAPI.swift */ = {isa = PBXFileReference; lastKnownFileType = sourcecode.swift; path = MovieAPI.swift; sourceTree = "<group>"; };
		CA9A5F572C3D34C500DD6E91 /* MovieList.app */ = {isa = PBXFileReference; explicitFileType = wrapper.application; includeInIndex = 0; path = MovieList.app; sourceTree = BUILT_PRODUCTS_DIR; };
		CA9A5F5A2C3D34C500DD6E91 /* MovieListApp.swift */ = {isa = PBXFileReference; lastKnownFileType = sourcecode.swift; path = MovieListApp.swift; sourceTree = "<group>"; };
		CA9A5F5C2C3D34C500DD6E91 /* ContentView.swift */ = {isa = PBXFileReference; lastKnownFileType = sourcecode.swift; path = ContentView.swift; sourceTree = "<group>"; };
		CA9A5F5E2C3D34C700DD6E91 /* Assets.xcassets */ = {isa = PBXFileReference; lastKnownFileType = folder.assetcatalog; path = Assets.xcassets; sourceTree = "<group>"; };
		CA9A5F612C3D34C700DD6E91 /* Preview Assets.xcassets */ = {isa = PBXFileReference; lastKnownFileType = folder.assetcatalog; path = "Preview Assets.xcassets"; sourceTree = "<group>"; };
		CA9A5F672C3D34C700DD6E91 /* MovieListTests.xctest */ = {isa = PBXFileReference; explicitFileType = wrapper.cfbundle; includeInIndex = 0; path = MovieListTests.xctest; sourceTree = BUILT_PRODUCTS_DIR; };
		CA9A5F6B2C3D34C700DD6E91 /* MovieListTests.swift */ = {isa = PBXFileReference; lastKnownFileType = sourcecode.swift; path = MovieListTests.swift; sourceTree = "<group>"; };
		CA9A5F712C3D34C700DD6E91 /* MovieListUITests.xctest */ = {isa = PBXFileReference; explicitFileType = wrapper.cfbundle; includeInIndex = 0; path = MovieListUITests.xctest; sourceTree = BUILT_PRODUCTS_DIR; };
		CA9A5F752C3D34C700DD6E91 /* MovieListUITests.swift */ = {isa = PBXFileReference; lastKnownFileType = sourcecode.swift; path = MovieListUITests.swift; sourceTree = "<group>"; };
		CA9A5F772C3D34C700DD6E91 /* MovieListUITestsLaunchTests.swift */ = {isa = PBXFileReference; lastKnownFileType = sourcecode.swift; path = MovieListUITestsLaunchTests.swift; sourceTree = "<group>"; };
/* End PBXFileReference section */

/* Begin PBXFrameworksBuildPhase section */
		CA9A5F542C3D34C500DD6E91 /* Frameworks */ = {
			isa = PBXFrameworksBuildPhase;
			buildActionMask = 2147483647;
			files = (
			);
			runOnlyForDeploymentPostprocessing = 0;
		};
		CA9A5F642C3D34C700DD6E91 /* Frameworks */ = {
			isa = PBXFrameworksBuildPhase;
			buildActionMask = 2147483647;
			files = (
			);
			runOnlyForDeploymentPostprocessing = 0;
		};
		CA9A5F6E2C3D34C700DD6E91 /* Frameworks */ = {
			isa = PBXFrameworksBuildPhase;
			buildActionMask = 2147483647;
			files = (
			);
			runOnlyForDeploymentPostprocessing = 0;
		};
/* End PBXFrameworksBuildPhase section */

/* Begin PBXGroup section */
		CA08AAB02C3E8F0200FEF612 /* Presentation */ = {
			isa = PBXGroup;
			children = (
				CA9A5F5C2C3D34C500DD6E91 /* ContentView.swift */,
			);
			path = Presentation;
			sourceTree = "<group>";
		};
		CA08AAB12C3E8F4300FEF612 /* Domain */ = {
			isa = PBXGroup;
			children = (
				CA08AAB32C3E90EF00FEF612 /* Entities */,
			);
			path = Domain;
			sourceTree = "<group>";
		};
		CA08AAB22C3E8F5600FEF612 /* Data */ = {
			isa = PBXGroup;
			children = (
				CA08AAB62C3E9BBF00FEF612 /* MovieAPI.swift */,
			);
			path = Data;
			sourceTree = "<group>";
		};
		CA08AAB32C3E90EF00FEF612 /* Entities */ = {
			isa = PBXGroup;
			children = (
				CA08AAB42C3E918600FEF612 /* Movie.swift */,
			);
			path = Entities;
			sourceTree = "<group>";
		};
		CA9A5F4E2C3D34C500DD6E91 = {
			isa = PBXGroup;
			children = (
				CA9A5F592C3D34C500DD6E91 /* MovieList */,
				CA9A5F6A2C3D34C700DD6E91 /* MovieListTests */,
				CA9A5F742C3D34C700DD6E91 /* MovieListUITests */,
				CA9A5F582C3D34C500DD6E91 /* Products */,
			);
			sourceTree = "<group>";
		};
		CA9A5F582C3D34C500DD6E91 /* Products */ = {
			isa = PBXGroup;
			children = (
				CA9A5F572C3D34C500DD6E91 /* MovieList.app */,
				CA9A5F672C3D34C700DD6E91 /* MovieListTests.xctest */,
				CA9A5F712C3D34C700DD6E91 /* MovieListUITests.xctest */,
			);
			name = Products;
			sourceTree = "<group>";
		};
		CA9A5F592C3D34C500DD6E91 /* MovieList */ = {
			isa = PBXGroup;
			children = (
				CA08AAB22C3E8F5600FEF612 /* Data */,
				CA08AAB12C3E8F4300FEF612 /* Domain */,
				CA08AAB02C3E8F0200FEF612 /* Presentation */,
				CA9A5F5A2C3D34C500DD6E91 /* MovieListApp.swift */,
				CA9A5F5E2C3D34C700DD6E91 /* Assets.xcassets */,
				CA9A5F602C3D34C700DD6E91 /* Preview Content */,
			);
			path = MovieList;
			sourceTree = "<group>";
		};
		CA9A5F602C3D34C700DD6E91 /* Preview Content */ = {
			isa = PBXGroup;
			children = (
				CA9A5F612C3D34C700DD6E91 /* Preview Assets.xcassets */,
			);
			path = "Preview Content";
			sourceTree = "<group>";
		};
		CA9A5F6A2C3D34C700DD6E91 /* MovieListTests */ = {
			isa = PBXGroup;
			children = (
				CA9A5F6B2C3D34C700DD6E91 /* MovieListTests.swift */,
			);
			path = MovieListTests;
			sourceTree = "<group>";
		};
		CA9A5F742C3D34C700DD6E91 /* MovieListUITests */ = {
			isa = PBXGroup;
			children = (
				CA9A5F752C3D34C700DD6E91 /* MovieListUITests.swift */,
				CA9A5F772C3D34C700DD6E91 /* MovieListUITestsLaunchTests.swift */,
			);
			path = MovieListUITests;
			sourceTree = "<group>";
		};
/* End PBXGroup section */

/* Begin PBXNativeTarget section */
		CA9A5F562C3D34C500DD6E91 /* MovieList */ = {
			isa = PBXNativeTarget;
			buildConfigurationList = CA9A5F7B2C3D34C700DD6E91 /* Build configuration list for PBXNativeTarget "MovieList" */;
			buildPhases = (
				CA9A5F532C3D34C500DD6E91 /* Sources */,
				CA9A5F542C3D34C500DD6E91 /* Frameworks */,
				CA9A5F552C3D34C500DD6E91 /* Resources */,
			);
			buildRules = (
			);
			dependencies = (
			);
			name = MovieList;
			productName = MovieList;
			productReference = CA9A5F572C3D34C500DD6E91 /* MovieList.app */;
			productType = "com.apple.product-type.application";
		};
		CA9A5F662C3D34C700DD6E91 /* MovieListTests */ = {
			isa = PBXNativeTarget;
			buildConfigurationList = CA9A5F7E2C3D34C700DD6E91 /* Build configuration list for PBXNativeTarget "MovieListTests" */;
			buildPhases = (
				CA9A5F632C3D34C700DD6E91 /* Sources */,
				CA9A5F642C3D34C700DD6E91 /* Frameworks */,
				CA9A5F652C3D34C700DD6E91 /* Resources */,
			);
			buildRules = (
			);
			dependencies = (
				CA9A5F692C3D34C700DD6E91 /* PBXTargetDependency */,
			);
			name = MovieListTests;
			productName = MovieListTests;
			productReference = CA9A5F672C3D34C700DD6E91 /* MovieListTests.xctest */;
			productType = "com.apple.product-type.bundle.unit-test";
		};
		CA9A5F702C3D34C700DD6E91 /* MovieListUITests */ = {
			isa = PBXNativeTarget;
			buildConfigurationList = CA9A5F812C3D34C700DD6E91 /* Build configuration list for PBXNativeTarget "MovieListUITests" */;
			buildPhases = (
				CA9A5F6D2C3D34C700DD6E91 /* Sources */,
				CA9A5F6E2C3D34C700DD6E91 /* Frameworks */,
				CA9A5F6F2C3D34C700DD6E91 /* Resources */,
			);
			buildRules = (
			);
			dependencies = (
				CA9A5F732C3D34C700DD6E91 /* PBXTargetDependency */,
			);
			name = MovieListUITests;
			productName = MovieListUITests;
			productReference = CA9A5F712C3D34C700DD6E91 /* MovieListUITests.xctest */;
			productType = "com.apple.product-type.bundle.ui-testing";
		};
/* End PBXNativeTarget section */

/* Begin PBXProject section */
		CA9A5F4F2C3D34C500DD6E91 /* Project object */ = {
			isa = PBXProject;
			attributes = {
				BuildIndependentTargetsInParallel = 1;
				LastSwiftUpdateCheck = 1520;
				LastUpgradeCheck = 1520;
				TargetAttributes = {
					CA9A5F562C3D34C500DD6E91 = {
						CreatedOnToolsVersion = 15.2;
					};
					CA9A5F662C3D34C700DD6E91 = {
						CreatedOnToolsVersion = 15.2;
						TestTargetID = CA9A5F562C3D34C500DD6E91;
					};
					CA9A5F702C3D34C700DD6E91 = {
						CreatedOnToolsVersion = 15.2;
						TestTargetID = CA9A5F562C3D34C500DD6E91;
					};
				};
			};
			buildConfigurationList = CA9A5F522C3D34C500DD6E91 /* Build configuration list for PBXProject "MovieList" */;
			compatibilityVersion = "Xcode 14.0";
			developmentRegion = en;
			hasScannedForEncodings = 0;
			knownRegions = (
				en,
				Base,
			);
			mainGroup = CA9A5F4E2C3D34C500DD6E91;
			productRefGroup = CA9A5F582C3D34C500DD6E91 /* Products */;
			projectDirPath = "";
			projectRoot = "";
			targets = (
				CA9A5F562C3D34C500DD6E91 /* MovieList */,
				CA9A5F662C3D34C700DD6E91 /* MovieListTests */,
				CA9A5F702C3D34C700DD6E91 /* MovieListUITests */,
			);
		};
/* End PBXProject section */

/* Begin PBXResourcesBuildPhase section */
		CA9A5F552C3D34C500DD6E91 /* Resources */ = {
			isa = PBXResourcesBuildPhase;
			buildActionMask = 2147483647;
			files = (
				CA9A5F622C3D34C700DD6E91 /* Preview Assets.xcassets in Resources */,
				CA9A5F5F2C3D34C700DD6E91 /* Assets.xcassets in Resources */,
			);
			runOnlyForDeploymentPostprocessing = 0;
		};
		CA9A5F652C3D34C700DD6E91 /* Resources */ = {
			isa = PBXResourcesBuildPhase;
			buildActionMask = 2147483647;
			files = (
			);
			runOnlyForDeploymentPostprocessing = 0;
		};
		CA9A5F6F2C3D34C700DD6E91 /* Resources */ = {
			isa = PBXResourcesBuildPhase;
			buildActionMask = 2147483647;
			files = (
			);
			runOnlyForDeploymentPostprocessing = 0;
		};
/* End PBXResourcesBuildPhase section */

/* Begin PBXSourcesBuildPhase section */
		CA9A5F532C3D34C500DD6E91 /* Sources */ = {
			isa = PBXSourcesBuildPhase;
			buildActionMask = 2147483647;
			files = (
				CA9A5F5D2C3D34C500DD6E91 /* ContentView.swift in Sources */,
				CA9A5F5B2C3D34C500DD6E91 /* MovieListApp.swift in Sources */,
				CA08AAB52C3E918600FEF612 /* Movie.swift in Sources */,
				CA08AAB72C3E9BBF00FEF612 /* MovieAPI.swift in Sources */,
			);
			runOnlyForDeploymentPostprocessing = 0;
		};
		CA9A5F632C3D34C700DD6E91 /* Sources */ = {
			isa = PBXSourcesBuildPhase;
			buildActionMask = 2147483647;
			files = (
				CA9A5F6C2C3D34C700DD6E91 /* MovieListTests.swift in Sources */,
			);
			runOnlyForDeploymentPostprocessing = 0;
		};
		CA9A5F6D2C3D34C700DD6E91 /* Sources */ = {
			isa = PBXSourcesBuildPhase;
			buildActionMask = 2147483647;
			files = (
				CA9A5F762C3D34C700DD6E91 /* MovieListUITests.swift in Sources */,
				CA9A5F782C3D34C700DD6E91 /* MovieListUITestsLaunchTests.swift in Sources */,
			);
			runOnlyForDeploymentPostprocessing = 0;
		};
/* End PBXSourcesBuildPhase section */

/* Begin PBXTargetDependency section */
		CA9A5F692C3D34C700DD6E91 /* PBXTargetDependency */ = {
			isa = PBXTargetDependency;
			target = CA9A5F562C3D34C500DD6E91 /* MovieList */;
			targetProxy = CA9A5F682C3D34C700DD6E91 /* PBXContainerItemProxy */;
		};
		CA9A5F732C3D34C700DD6E91 /* PBXTargetDependency */ = {
			isa = PBXTargetDependency;
			target = CA9A5F562C3D34C500DD6E91 /* MovieList */;
			targetProxy = CA9A5F722C3D34C700DD6E91 /* PBXContainerItemProxy */;
		};
/* End PBXTargetDependency section */

/* Begin XCBuildConfiguration section */
		CA9A5F792C3D34C700DD6E91 /* Debug */ = {
			isa = XCBuildConfiguration;
			buildSettings = {
				ALWAYS_SEARCH_USER_PATHS = NO;
				ASSETCATALOG_COMPILER_GENERATE_SWIFT_ASSET_SYMBOL_EXTENSIONS = YES;
				CLANG_ANALYZER_NONNULL = YES;
				CLANG_ANALYZER_NUMBER_OBJECT_CONVERSION = YES_AGGRESSIVE;
				CLANG_CXX_LANGUAGE_STANDARD = "gnu++20";
				CLANG_ENABLE_MODULES = YES;
				CLANG_ENABLE_OBJC_ARC = YES;
				CLANG_ENABLE_OBJC_WEAK = YES;
				CLANG_WARN_BLOCK_CAPTURE_AUTORELEASING = YES;
				CLANG_WARN_BOOL_CONVERSION = YES;
				CLANG_WARN_COMMA = YES;
				CLANG_WARN_CONSTANT_CONVERSION = YES;
				CLANG_WARN_DEPRECATED_OBJC_IMPLEMENTATIONS = YES;
				CLANG_WARN_DIRECT_OBJC_ISA_USAGE = YES_ERROR;
				CLANG_WARN_DOCUMENTATION_COMMENTS = YES;
				CLANG_WARN_EMPTY_BODY = YES;
				CLANG_WARN_ENUM_CONVERSION = YES;
				CLANG_WARN_INFINITE_RECURSION = YES;
				CLANG_WARN_INT_CONVERSION = YES;
				CLANG_WARN_NON_LITERAL_NULL_CONVERSION = YES;
				CLANG_WARN_OBJC_IMPLICIT_RETAIN_SELF = YES;
				CLANG_WARN_OBJC_LITERAL_CONVERSION = YES;
				CLANG_WARN_OBJC_ROOT_CLASS = YES_ERROR;
				CLANG_WARN_QUOTED_INCLUDE_IN_FRAMEWORK_HEADER = YES;
				CLANG_WARN_RANGE_LOOP_ANALYSIS = YES;
				CLANG_WARN_STRICT_PROTOTYPES = YES;
				CLANG_WARN_SUSPICIOUS_MOVE = YES;
				CLANG_WARN_UNGUARDED_AVAILABILITY = YES_AGGRESSIVE;
				CLANG_WARN_UNREACHABLE_CODE = YES;
				CLANG_WARN__DUPLICATE_METHOD_MATCH = YES;
				COPY_PHASE_STRIP = NO;
				DEBUG_INFORMATION_FORMAT = dwarf;
				ENABLE_STRICT_OBJC_MSGSEND = YES;
				ENABLE_TESTABILITY = YES;
				ENABLE_USER_SCRIPT_SANDBOXING = YES;
				GCC_C_LANGUAGE_STANDARD = gnu17;
				GCC_DYNAMIC_NO_PIC = NO;
				GCC_NO_COMMON_BLOCKS = YES;
				GCC_OPTIMIZATION_LEVEL = 0;
				GCC_PREPROCESSOR_DEFINITIONS = (
					"DEBUG=1",
					"$(inherited)",
				);
				GCC_WARN_64_TO_32_BIT_CONVERSION = YES;
				GCC_WARN_ABOUT_RETURN_TYPE = YES_ERROR;
				GCC_WARN_UNDECLARED_SELECTOR = YES;
				GCC_WARN_UNINITIALIZED_AUTOS = YES_AGGRESSIVE;
				GCC_WARN_UNUSED_FUNCTION = YES;
				GCC_WARN_UNUSED_VARIABLE = YES;
				IPHONEOS_DEPLOYMENT_TARGET = 17.2;
				LOCALIZATION_PREFERS_STRING_CATALOGS = YES;
				MTL_ENABLE_DEBUG_INFO = INCLUDE_SOURCE;
				MTL_FAST_MATH = YES;
				ONLY_ACTIVE_ARCH = YES;
				SDKROOT = iphoneos;
				SWIFT_ACTIVE_COMPILATION_CONDITIONS = "DEBUG $(inherited)";
				SWIFT_OPTIMIZATION_LEVEL = "-Onone";
			};
			name = Debug;
		};
		CA9A5F7A2C3D34C700DD6E91 /* Release */ = {
			isa = XCBuildConfiguration;
			buildSettings = {
				ALWAYS_SEARCH_USER_PATHS = NO;
				ASSETCATALOG_COMPILER_GENERATE_SWIFT_ASSET_SYMBOL_EXTENSIONS = YES;
				CLANG_ANALYZER_NONNULL = YES;
				CLANG_ANALYZER_NUMBER_OBJECT_CONVERSION = YES_AGGRESSIVE;
				CLANG_CXX_LANGUAGE_STANDARD = "gnu++20";
				CLANG_ENABLE_MODULES = YES;
				CLANG_ENABLE_OBJC_ARC = YES;
				CLANG_ENABLE_OBJC_WEAK = YES;
				CLANG_WARN_BLOCK_CAPTURE_AUTORELEASING = YES;
				CLANG_WARN_BOOL_CONVERSION = YES;
				CLANG_WARN_COMMA = YES;
				CLANG_WARN_CONSTANT_CONVERSION = YES;
				CLANG_WARN_DEPRECATED_OBJC_IMPLEMENTATIONS = YES;
				CLANG_WARN_DIRECT_OBJC_ISA_USAGE = YES_ERROR;
				CLANG_WARN_DOCUMENTATION_COMMENTS = YES;
				CLANG_WARN_EMPTY_BODY = YES;
				CLANG_WARN_ENUM_CONVERSION = YES;
				CLANG_WARN_INFINITE_RECURSION = YES;
				CLANG_WARN_INT_CONVERSION = YES;
				CLANG_WARN_NON_LITERAL_NULL_CONVERSION = YES;
				CLANG_WARN_OBJC_IMPLICIT_RETAIN_SELF = YES;
				CLANG_WARN_OBJC_LITERAL_CONVERSION = YES;
				CLANG_WARN_OBJC_ROOT_CLASS = YES_ERROR;
				CLANG_WARN_QUOTED_INCLUDE_IN_FRAMEWORK_HEADER = YES;
				CLANG_WARN_RANGE_LOOP_ANALYSIS = YES;
				CLANG_WARN_STRICT_PROTOTYPES = YES;
				CLANG_WARN_SUSPICIOUS_MOVE = YES;
				CLANG_WARN_UNGUARDED_AVAILABILITY = YES_AGGRESSIVE;
				CLANG_WARN_UNREACHABLE_CODE = YES;
				CLANG_WARN__DUPLICATE_METHOD_MATCH = YES;
				COPY_PHASE_STRIP = NO;
				DEBUG_INFORMATION_FORMAT = "dwarf-with-dsym";
				ENABLE_NS_ASSERTIONS = NO;
				ENABLE_STRICT_OBJC_MSGSEND = YES;
				ENABLE_USER_SCRIPT_SANDBOXING = YES;
				GCC_C_LANGUAGE_STANDARD = gnu17;
				GCC_NO_COMMON_BLOCKS = YES;
				GCC_WARN_64_TO_32_BIT_CONVERSION = YES;
				GCC_WARN_ABOUT_RETURN_TYPE = YES_ERROR;
				GCC_WARN_UNDECLARED_SELECTOR = YES;
				GCC_WARN_UNINITIALIZED_AUTOS = YES_AGGRESSIVE;
				GCC_WARN_UNUSED_FUNCTION = YES;
				GCC_WARN_UNUSED_VARIABLE = YES;
				IPHONEOS_DEPLOYMENT_TARGET = 17.2;
				LOCALIZATION_PREFERS_STRING_CATALOGS = YES;
				MTL_ENABLE_DEBUG_INFO = NO;
				MTL_FAST_MATH = YES;
				SDKROOT = iphoneos;
				SWIFT_COMPILATION_MODE = wholemodule;
				VALIDATE_PRODUCT = YES;
			};
			name = Release;
		};
		CA9A5F7C2C3D34C700DD6E91 /* Debug */ = {
			isa = XCBuildConfiguration;
			buildSettings = {
				ASSETCATALOG_COMPILER_APPICON_NAME = AppIcon;
				ASSETCATALOG_COMPILER_GLOBAL_ACCENT_COLOR_NAME = AccentColor;
				CODE_SIGN_STYLE = Automatic;
				CURRENT_PROJECT_VERSION = 1;
				DEVELOPMENT_ASSET_PATHS = "\"MovieList/Preview Content\"";
				DEVELOPMENT_TEAM = U3X529X7BS;
				ENABLE_PREVIEWS = YES;
				GENERATE_INFOPLIST_FILE = YES;
				INFOPLIST_KEY_UIApplicationSceneManifest_Generation = YES;
				INFOPLIST_KEY_UIApplicationSupportsIndirectInputEvents = YES;
				INFOPLIST_KEY_UILaunchScreen_Generation = YES;
				INFOPLIST_KEY_UISupportedInterfaceOrientations_iPad = "UIInterfaceOrientationPortrait UIInterfaceOrientationPortraitUpsideDown UIInterfaceOrientationLandscapeLeft UIInterfaceOrientationLandscapeRight";
				INFOPLIST_KEY_UISupportedInterfaceOrientations_iPhone = "UIInterfaceOrientationPortrait UIInterfaceOrientationLandscapeLeft UIInterfaceOrientationLandscapeRight";
				LD_RUNPATH_SEARCH_PATHS = (
					"$(inherited)",
					"@executable_path/Frameworks",
				);
				MARKETING_VERSION = 1.0;
				PRODUCT_BUNDLE_IDENTIFIER = com.animol.MovieList;
				PRODUCT_NAME = "$(TARGET_NAME)";
				SWIFT_EMIT_LOC_STRINGS = YES;
				SWIFT_VERSION = 5.0;
				TARGETED_DEVICE_FAMILY = "1,2";
			};
			name = Debug;
		};
		CA9A5F7D2C3D34C700DD6E91 /* Release */ = {
			isa = XCBuildConfiguration;
			buildSettings = {
				ASSETCATALOG_COMPILER_APPICON_NAME = AppIcon;
				ASSETCATALOG_COMPILER_GLOBAL_ACCENT_COLOR_NAME = AccentColor;
				CODE_SIGN_STYLE = Automatic;
				CURRENT_PROJECT_VERSION = 1;
				DEVELOPMENT_ASSET_PATHS = "\"MovieList/Preview Content\"";
				DEVELOPMENT_TEAM = U3X529X7BS;
				ENABLE_PREVIEWS = YES;
				GENERATE_INFOPLIST_FILE = YES;
				INFOPLIST_KEY_UIApplicationSceneManifest_Generation = YES;
				INFOPLIST_KEY_UIApplicationSupportsIndirectInputEvents = YES;
				INFOPLIST_KEY_UILaunchScreen_Generation = YES;
				INFOPLIST_KEY_UISupportedInterfaceOrientations_iPad = "UIInterfaceOrientationPortrait UIInterfaceOrientationPortraitUpsideDown UIInterfaceOrientationLandscapeLeft UIInterfaceOrientationLandscapeRight";
				INFOPLIST_KEY_UISupportedInterfaceOrientations_iPhone = "UIInterfaceOrientationPortrait UIInterfaceOrientationLandscapeLeft UIInterfaceOrientationLandscapeRight";
				LD_RUNPATH_SEARCH_PATHS = (
					"$(inherited)",
					"@executable_path/Frameworks",
				);
				MARKETING_VERSION = 1.0;
				PRODUCT_BUNDLE_IDENTIFIER = com.animol.MovieList;
				PRODUCT_NAME = "$(TARGET_NAME)";
				SWIFT_EMIT_LOC_STRINGS = YES;
				SWIFT_VERSION = 5.0;
				TARGETED_DEVICE_FAMILY = "1,2";
			};
			name = Release;
		};
		CA9A5F7F2C3D34C700DD6E91 /* Debug */ = {
			isa = XCBuildConfiguration;
			buildSettings = {
				ALWAYS_EMBED_SWIFT_STANDARD_LIBRARIES = YES;
				BUNDLE_LOADER = "$(TEST_HOST)";
				CODE_SIGN_STYLE = Automatic;
				CURRENT_PROJECT_VERSION = 1;
				DEVELOPMENT_TEAM = U3X529X7BS;
				GENERATE_INFOPLIST_FILE = YES;
				IPHONEOS_DEPLOYMENT_TARGET = 17.2;
				MARKETING_VERSION = 1.0;
				PRODUCT_BUNDLE_IDENTIFIER = com.animol.MovieListTests;
				PRODUCT_NAME = "$(TARGET_NAME)";
				SWIFT_EMIT_LOC_STRINGS = NO;
				SWIFT_VERSION = 5.0;
				TARGETED_DEVICE_FAMILY = "1,2";
				TEST_HOST = "$(BUILT_PRODUCTS_DIR)/MovieList.app/$(BUNDLE_EXECUTABLE_FOLDER_PATH)/MovieList";
			};
			name = Debug;
		};
		CA9A5F802C3D34C700DD6E91 /* Release */ = {
			isa = XCBuildConfiguration;
			buildSettings = {
				ALWAYS_EMBED_SWIFT_STANDARD_LIBRARIES = YES;
				BUNDLE_LOADER = "$(TEST_HOST)";
				CODE_SIGN_STYLE = Automatic;
				CURRENT_PROJECT_VERSION = 1;
				DEVELOPMENT_TEAM = U3X529X7BS;
				GENERATE_INFOPLIST_FILE = YES;
				IPHONEOS_DEPLOYMENT_TARGET = 17.2;
				MARKETING_VERSION = 1.0;
				PRODUCT_BUNDLE_IDENTIFIER = com.animol.MovieListTests;
				PRODUCT_NAME = "$(TARGET_NAME)";
				SWIFT_EMIT_LOC_STRINGS = NO;
				SWIFT_VERSION = 5.0;
				TARGETED_DEVICE_FAMILY = "1,2";
				TEST_HOST = "$(BUILT_PRODUCTS_DIR)/MovieList.app/$(BUNDLE_EXECUTABLE_FOLDER_PATH)/MovieList";
			};
			name = Release;
		};
		CA9A5F822C3D34C700DD6E91 /* Debug */ = {
			isa = XCBuildConfiguration;
			buildSettings = {
				ALWAYS_EMBED_SWIFT_STANDARD_LIBRARIES = YES;
				CODE_SIGN_STYLE = Automatic;
				CURRENT_PROJECT_VERSION = 1;
				DEVELOPMENT_TEAM = U3X529X7BS;
				GENERATE_INFOPLIST_FILE = YES;
				MARKETING_VERSION = 1.0;
				PRODUCT_BUNDLE_IDENTIFIER = com.animol.MovieListUITests;
				PRODUCT_NAME = "$(TARGET_NAME)";
				SWIFT_EMIT_LOC_STRINGS = NO;
				SWIFT_VERSION = 5.0;
				TARGETED_DEVICE_FAMILY = "1,2";
				TEST_TARGET_NAME = MovieList;
			};
			name = Debug;
		};
		CA9A5F832C3D34C700DD6E91 /* Release */ = {
			isa = XCBuildConfiguration;
			buildSettings = {
				ALWAYS_EMBED_SWIFT_STANDARD_LIBRARIES = YES;
				CODE_SIGN_STYLE = Automatic;
				CURRENT_PROJECT_VERSION = 1;
				DEVELOPMENT_TEAM = U3X529X7BS;
				GENERATE_INFOPLIST_FILE = YES;
				MARKETING_VERSION = 1.0;
				PRODUCT_BUNDLE_IDENTIFIER = com.animol.MovieListUITests;
				PRODUCT_NAME = "$(TARGET_NAME)";
				SWIFT_EMIT_LOC_STRINGS = NO;
				SWIFT_VERSION = 5.0;
				TARGETED_DEVICE_FAMILY = "1,2";
				TEST_TARGET_NAME = MovieList;
			};
			name = Release;
		};
/* End XCBuildConfiguration section */

/* Begin XCConfigurationList section */
		CA9A5F522C3D34C500DD6E91 /* Build configuration list for PBXProject "MovieList" */ = {
			isa = XCConfigurationList;
			buildConfigurations = (
				CA9A5F792C3D34C700DD6E91 /* Debug */,
				CA9A5F7A2C3D34C700DD6E91 /* Release */,
			);
			defaultConfigurationIsVisible = 0;
			defaultConfigurationName = Release;
		};
		CA9A5F7B2C3D34C700DD6E91 /* Build configuration list for PBXNativeTarget "MovieList" */ = {
			isa = XCConfigurationList;
			buildConfigurations = (
				CA9A5F7C2C3D34C700DD6E91 /* Debug */,
				CA9A5F7D2C3D34C700DD6E91 /* Release */,
			);
			defaultConfigurationIsVisible = 0;
			defaultConfigurationName = Release;
		};
		CA9A5F7E2C3D34C700DD6E91 /* Build configuration list for PBXNativeTarget "MovieListTests" */ = {
			isa = XCConfigurationList;
			buildConfigurations = (
				CA9A5F7F2C3D34C700DD6E91 /* Debug */,
				CA9A5F802C3D34C700DD6E91 /* Release */,
			);
			defaultConfigurationIsVisible = 0;
			defaultConfigurationName = Release;
		};
		CA9A5F812C3D34C700DD6E91 /* Build configuration list for PBXNativeTarget "MovieListUITests" */ = {
			isa = XCConfigurationList;
			buildConfigurations = (
				CA9A5F822C3D34C700DD6E91 /* Debug */,
				CA9A5F832C3D34C700DD6E91 /* Release */,
			);
			defaultConfigurationIsVisible = 0;
			defaultConfigurationName = Release;
		};
/* End XCConfigurationList section */
	};
	rootObject = CA9A5F4F2C3D34C500DD6E91 /* Project object */;
}
